
Microsoft Visual Studio Solution File, Format Version 12.00
# Visual Studio Version 17
VisualStudioVersion = 17.12.35707.178
MinimumVisualStudioVersion = 10.0.40219.1
Project("{FAE04EC0-301F-11D3-BF4B-00C04F79EFBC}") = "imc projeto", "imc projeto.csproj", "{CFCBA1C0-DA78-479D-A76B-A07B71C17970}"
EndProject
Project("{FAE04EC0-301F-11D3-BF4B-00C04F79EFBC}") = "Mediaescolar", "..\Mediaescolar\Mediaescolar.csproj", "{86E7F6DD-FC57-4F42-A209-6E5341237526}"
EndProject
Project("{FAE04EC0-301F-11D3-BF4B-00C04F79EFBC}") = "projeto inss", "..\projeto inss\projeto inss.csproj", "{21E2F008-E8B5-4AC5-84B3-9F2FF0FF651F}"
EndProject
Global
	GlobalSection(SolutionConfigurationPlatforms) = preSolution
		Debug|Any CPU = Debug|Any CPU
		Release|Any CPU = Release|Any CPU
	EndGlobalSection
	GlobalSection(ProjectConfigurationPlatforms) = postSolution
		{CFCBA1C0-DA78-479D-A76B-A07B71C17970}.Debug|Any CPU.ActiveCfg = Debug|Any CPU
		{CFCBA1C0-DA78-479D-A76B-A07B71C17970}.Debug|Any CPU.Build.0 = Debug|Any CPU
		{CFCBA1C0-DA78-479D-A76B-A07B71C17970}.Release|Any CPU.ActiveCfg = Release|Any CPU
		{CFCBA1C0-DA78-479D-A76B-A07B71C17970}.Release|Any CPU.Build.0 = Release|Any CPU
		{86E7F6DD-FC57-4F42-A209-6E5341237526}.Debug|Any CPU.ActiveCfg = Debug|Any CPU
		{86E7F6DD-FC57-4F42-A209-6E5341237526}.Debug|Any CPU.Build.0 = Debug|Any CPU
		{86E7F6DD-FC57-4F42-A209-6E5341237526}.Release|Any CPU.ActiveCfg = Release|Any CPU
		{86E7F6DD-FC57-4F42-A209-6E5341237526}.Release|Any CPU.Build.0 = Release|Any CPU
		{21E2F008-E8B5-4AC5-84B3-9F2FF0FF651F}.Debug|Any CPU.ActiveCfg = Debug|Any CPU
		{21E2F008-E8B5-4AC5-84B3-9F2FF0FF651F}.Debug|Any CPU.Build.0 = Debug|Any CPU
		{21E2F008-E8B5-4AC5-84B3-9F2FF0FF651F}.Release|Any CPU.ActiveCfg = Release|Any CPU
		{21E2F008-E8B5-4AC5-84B3-9F2FF0FF651F}.Release|Any CPU.Build.0 = Release|Any CPU
	EndGlobalSection
	GlobalSection(SolutionProperties) = preSolution
		HideSolutionNode = FALSE
	EndGlobalSection
EndGlobal
